{
  "name": "3cfb813777ecc507",
  "lockfileVersion": 3,
  "requires": true,
  "packages": {
    "": {
      "dependencies": {
        "create-next-app": "^14.2.35"
      }
    },
    "node_modules/create-next-app": {
      "version": "14.2.35",
      "resolved": "https://bnpm.byted.org/create-next-app/-/create-next-app-14.2.35.tgz",
      "integrity": "sha512-C/JXNvofzMhW/NHUOBHpKSJg1ynK9KPy8vy2sxtnfBHDHxNxgP8fIw2h2bzqKaUillKvwqdA59LGbIRrx30JDQ==",
      "license": "MIT",
      "bin": {
        "create-next-app": "dist/index.js"
      },
      "engines": {
        "node": ">=18.17.0"
      }
    }
  }
}
